{
  "version": "5",
  "specifiers": {
    "npm:@types/deno@^2.7.0": "2.7.0"
  },
  "npm": {
    "@types/deno@2.7.0": {
      "integrity": "sha512-Y6fWcV8KpYeO3Lik/RiYnUxtr/LWqoeACciU0CA+dr1U/45tGgaX3HWQQAPCNN53raN4Rr4Fht4y6qsUH57fDA=="
    }
  },
  "workspace": {
    "dependencies": [
      "npm:@types/deno@^2.7.0"
    ]
  }
}
